{
  "name": "friends-book",
  "lockfileVersion": 2,
  "requires": true,
  "packages": {
    "": {
      "dependencies": {
        "jwt-decode": "^4.0.0",
        "masonic": "^4.0.1",
        "react": "^18.3.1",
        "react-masonry": "^1.0.7",
        "react-router-dom": "^6.25.1"
      }
    },
    "node_modules/@essentials/memoize-one": {
      "version": "1.1.0",
      "resolved": "https://registry.npmjs.org/@essentials/memoize-one/-/memoize-one-1.1.0.tgz",
      "integrity": "sha512-HMkuIkKNe0EWSUpZhlaq9+5Yp47YhrMhxLMnXTRnEyE5N4xKLspAvMGjUFdi794VnEF1EcOZFS8rdROeujrgag=="
    },
    "node_modules/@essentials/one-key-map": {
      "version": "1.2.0",
      "resolved": "https://registry.npmjs.org/@essentials/one-key-map/-/one-key-map-1.2.0.tgz",
      "integrity": "sha512-C2H7zHVcsoipDv4VKY5uUcv5ilsK+uEgEj+WeOdN5oz/Qj1/OZIzCdle90gDzj0xnGQrmZ9qDujwD7AkBb5k9A=="
    },
    "node_modules/@essentials/raf": {
      "version": "1.2.0",
      "resolved": "https://registry.npmjs.org/@essentials/raf/-/raf-1.2.0.tgz",
      "integrity": "sha512-AWJvpprE2o7ATMb7HBYMVUVmPJBCt2wZp2rY7d+rAcNSMvzLbDepy9KFeqqrPZh+s9aIpbw1LgmuAW7kuRFgrQ=="
    },
    "node_modules/@essentials/request-timeout": {
      "version": "1.3.0",
      "resolved": "https://registry.npmjs.org/@essentials/request-timeout/-/request-timeout-1.3.0.tgz",
      "integrity": "sha512-lKZPhKScNFnR1MBnk4+sxshk46fpvdN+Uh1LlKWFO5g1ocuz4EcknNIL7tm/rsCAs/+xMWiBTwbDUvm+pDNlXw==",
      "dependencies": {
        "@essentials/raf": "^1.2.0"
      }
    },
    "node_modules/@react-hook/debounce": {
      "version": "3.0.0",
      "resolved": "https://registry.npmjs.org/@react-hook/debounce/-/debounce-3.0.0.tgz",
      "integrity": "sha512-ir/kPrSfAzY12Gre0sOHkZ2rkEmM4fS5M5zFxCi4BnCeXh2nvx9Ujd+U4IGpKCuPA+EQD0pg1eK2NGLvfWejag==",
      "dependencies": {
        "@react-hook/latest": "^1.0.2"
      },
      "peerDependencies": {
        "react": ">=16.8"
      }
    },
    "node_modules/@react-hook/event": {
      "version": "1.2.6",
      "resolved": "https://registry.npmjs.org/@react-hook/event/-/event-1.2.6.tgz",
      "integrity": "sha512-JUL5IluaOdn5w5Afpe/puPa1rj8X6udMlQ9dt4hvMuKmTrBS1Ya6sb4sVgvfe2eU4yDuOfAhik8xhbcCekbg9Q==",
      "peerDependencies": {
        "react": ">=16.8"
      }
    },
    "node_modules/@react-hook/latest": {
      "version": "1.0.3",
      "resolved": "https://registry.npmjs.org/@react-hook/latest/-/latest-1.0.3.tgz",
      "integrity": "sha512-dy6duzl+JnAZcDbNTfmaP3xHiKtbXYOaz3G51MGVljh548Y8MWzTr+PHLOfvpypEVW9zwvl+VyKjbWKEVbV1Rg==",
      "peerDependencies": {
        "react": ">=16.8"
      }
    },
    "node_modules/@react-hook/passive-layout-effect": {
      "version": "1.2.1",
      "resolved": "https://registry.npmjs.org/@react-hook/passive-layout-effect/-/passive-layout-effect-1.2.1.tgz",
      "integrity": "sha512-IwEphTD75liO8g+6taS+4oqz+nnroocNfWVHWz7j+N+ZO2vYrc6PV1q7GQhuahL0IOR7JccFTsFKQ/mb6iZWAg==",
      "peerDependencies": {
        "react": ">=16.8"
      }
    },
    "node_modules/@react-hook/throttle": {
      "version": "2.2.0",
      "resolved": "https://registry.npmjs.org/@react-hook/throttle/-/throttle-2.2.0.tgz",
      "integrity": "sha512-LJ5eg+yMV8lXtqK3lR+OtOZ2WH/EfWvuiEEu0M3bhR7dZRfTyEJKxH1oK9uyBxiXPtWXiQggWbZirMCXam51tg==",
      "dependencies": {
        "@react-hook/latest": "^1.0.2"
      },
      "peerDependencies": {
        "react": ">=16.8"
      }
    },
    "node_modules/@react-hook/window-scroll": {
      "version": "1.3.0",
      "resolved": "https://registry.npmjs.org/@react-hook/window-scroll/-/window-scroll-1.3.0.tgz",
      "integrity": "sha512-LdYnCL22pFI+LTs85Fi2OQHSKWkzIuHFgv8lA+wwuaPxLOEhWR5bzJ21iygUH9X4meeLVRZKEbfpYi3OWWD4GQ==",
      "dependencies": {
        "@react-hook/event": "^1.2.1",
        "@react-hook/throttle": "^2.2.0"
      },
      "peerDependencies": {
        "react": ">=16.8"
      }
    },
    "node_modules/@react-hook/window-size": {
      "version": "3.1.1",
      "resolved": "https://registry.npmjs.org/@react-hook/window-size/-/window-size-3.1.1.tgz",
      "integrity": "sha512-yWnVS5LKnOUIrEsI44oz3bIIUYqflamPL27n+k/PC//PsX/YeWBky09oPeAoc9As6jSH16Wgo8plI+ECZaHk3g==",
      "dependencies": {
        "@react-hook/debounce": "^3.0.0",
        "@react-hook/event": "^1.2.1",
        "@react-hook/throttle": "^2.2.0"
      },
      "peerDependencies": {
        "react": ">=16.8"
      }
    },
    "node_modules/@remix-run/router": {
      "version": "1.18.0",
      "resolved": "https://registry.npmjs.org/@remix-run/router/-/router-1.18.0.tgz",
      "integrity": "sha512-L3jkqmqoSVBVKHfpGZmLrex0lxR5SucGA0sUfFzGctehw+S/ggL9L/0NnC5mw6P8HUWpFZ3nQw3cRApjjWx9Sw==",
      "engines": {
        "node": ">=14.0.0"
      }
    },
    "node_modules/js-tokens": {
      "version": "4.0.0",
      "resolved": "https://registry.npmjs.org/js-tokens/-/js-tokens-4.0.0.tgz",
      "integrity": "sha512-RdJUflcE3cUzKiMqQgsCu06FPu9UdIJO0beYbPhHN4k6apgJtifcoCtT9bcxOpYBtpD2kCM6Sbzg4CausW/PKQ=="
    },
    "node_modules/jwt-decode": {
      "version": "4.0.0",
      "resolved": "https://registry.npmjs.org/jwt-decode/-/jwt-decode-4.0.0.tgz",
      "integrity": "sha512-+KJGIyHgkGuIq3IEBNftfhW/LfWhXUIY6OmyVWjliu5KH1y0fw7VQ8YndE2O4qZdMSd9SqbnC8GOcZEy0Om7sA==",
      "engines": {
        "node": ">=18"
      }
    },
    "node_modules/loose-envify": {
      "version": "1.4.0",
      "resolved": "https://registry.npmjs.org/loose-envify/-/loose-envify-1.4.0.tgz",
      "integrity": "sha512-lyuxPGr/Wfhrlem2CL/UcnUc1zcqKAImBDzukY7Y5F/yQiNdko6+fRLevlw1HgMySw7f611UIY408EtxRSoK3Q==",
      "dependencies": {
        "js-tokens": "^3.0.0 || ^4.0.0"
      },
      "bin": {
        "loose-envify": "cli.js"
      }
    },
    "node_modules/masonic": {
      "version": "4.0.1",
      "resolved": "https://registry.npmjs.org/masonic/-/masonic-4.0.1.tgz",
      "integrity": "sha512-gOj1B61NtrELoGigCy+E9SZpWSRGmAONMXrzYboBNbI0uvy7otinzGVGKDXLIZBYdNdcFySyON8qtu6IsFp6Sw==",
      "dependencies": {
        "@essentials/memoize-one": "^1.1.0",
        "@essentials/one-key-map": "^1.2.0",
        "@essentials/request-timeout": "^1.3.0",
        "@react-hook/event": "^1.2.6",
        "@react-hook/latest": "^1.0.3",
        "@react-hook/passive-layout-effect": "^1.2.1",
        "@react-hook/throttle": "^2.2.0",
        "@react-hook/window-scroll": "^1.3.0",
        "@react-hook/window-size": "^3.1.1",
        "raf-schd": "^4.0.3",
        "trie-memoize": "^1.2.0"
      },
      "peerDependencies": {
        "react": ">=16.8"
      }
    },
    "node_modules/raf-schd": {
      "version": "4.0.3",
      "resolved": "https://registry.npmjs.org/raf-schd/-/raf-schd-4.0.3.tgz",
      "integrity": "sha512-tQkJl2GRWh83ui2DiPTJz9wEiMN20syf+5oKfB03yYP7ioZcJwsIK8FjrtLwH1m7C7e+Tt2yYBlrOpdT+dyeIQ=="
    },
    "node_modules/react": {
      "version": "18.3.1",
      "resolved": "https://registry.npmjs.org/react/-/react-18.3.1.tgz",
      "integrity": "sha512-wS+hAgJShR0KhEvPJArfuPVN1+Hz1t0Y6n5jLrGQbkb4urgPE/0Rve+1kMB1v/oWgHgm4WIcV+i7F2pTVj+2iQ==",
      "dependencies": {
        "loose-envify": "^1.1.0"
      },
      "engines": {
        "node": ">=0.10.0"
      }
    },
    "node_modules/react-dom": {
      "version": "18.3.1",
      "resolved": "https://registry.npmjs.org/react-dom/-/react-dom-18.3.1.tgz",
      "integrity": "sha512-5m4nQKp+rZRb09LNH59GM4BxTh9251/ylbKIbpe7TpGxfJ+9kv6BLkLBXIjjspbgbnIBNqlI23tRnTWT0snUIw==",
      "peer": true,
      "dependencies": {
        "loose-envify": "^1.1.0",
        "scheduler": "^0.23.2"
      },
      "peerDependencies": {
        "react": "^18.3.1"
      }
    },
    "node_modules/react-masonry": {
      "version": "1.0.7",
      "resolved": "https://registry.npmjs.org/react-masonry/-/react-masonry-1.0.7.tgz",
      "integrity": "sha512-cKhinTeygGtm+8y7YCTMKXNKtU0toJAcOBD4q7fv+JTc94bj93/xut3iZvjD60lZYek+WGM6en5w8P+63zHN9Q==",
      "dependencies": {
        "react": "^18.0.0"
      }
    },
    "node_modules/react-router": {
      "version": "6.25.1",
      "resolved": "https://registry.npmjs.org/react-router/-/react-router-6.25.1.tgz",
      "integrity": "sha512-u8ELFr5Z6g02nUtpPAggP73Jigj1mRePSwhS/2nkTrlPU5yEkH1vYzWNyvSnSzeeE2DNqWdH+P8OhIh9wuXhTw==",
      "dependencies": {
        "@remix-run/router": "1.18.0"
      },
      "engines": {
        "node": ">=14.0.0"
      },
      "peerDependencies": {
        "react": ">=16.8"
      }
    },
    "node_modules/react-router-dom": {
      "version": "6.25.1",
      "resolved": "https://registry.npmjs.org/react-router-dom/-/react-router-dom-6.25.1.tgz",
      "integrity": "sha512-0tUDpbFvk35iv+N89dWNrJp+afLgd+y4VtorJZuOCXK0kkCWjEvb3vTJM++SYvMEpbVwXKf3FjeVveVEb6JpDQ==",
      "dependencies": {
        "@remix-run/router": "1.18.0",
        "react-router": "6.25.1"
      },
      "engines": {
        "node": ">=14.0.0"
      },
      "peerDependencies": {
        "react": ">=16.8",
        "react-dom": ">=16.8"
      }
    },
    "node_modules/scheduler": {
      "version": "0.23.2",
      "resolved": "https://registry.npmjs.org/scheduler/-/scheduler-0.23.2.tgz",
      "integrity": "sha512-UOShsPwz7NrMUqhR6t0hWjFduvOzbtv7toDH1/hIrfRNIDBnnBWd0CwJTGvTpngVlmwGCdP9/Zl/tVrDqcuYzQ==",
      "peer": true,
      "dependencies": {
        "loose-envify": "^1.1.0"
      }
    },
    "node_modules/trie-memoize": {
      "version": "1.2.0",
      "resolved": "https://registry.npmjs.org/trie-memoize/-/trie-memoize-1.2.0.tgz",
      "integrity": "sha512-hEDLVEP1FCgaRtt0oZDJdz2lK9uK7WlB7ASswt9U9cqruSNueVigtRGxI97hevKlViqhAcRgNgzuY/m8FCCMcg=="
    }
  },
  "dependencies": {
    "@essentials/memoize-one": {
      "version": "1.1.0",
      "resolved": "https://registry.npmjs.org/@essentials/memoize-one/-/memoize-one-1.1.0.tgz",
      "integrity": "sha512-HMkuIkKNe0EWSUpZhlaq9+5Yp47YhrMhxLMnXTRnEyE5N4xKLspAvMGjUFdi794VnEF1EcOZFS8rdROeujrgag=="
    },
    "@essentials/one-key-map": {
      "version": "1.2.0",
      "resolved": "https://registry.npmjs.org/@essentials/one-key-map/-/one-key-map-1.2.0.tgz",
      "integrity": "sha512-C2H7zHVcsoipDv4VKY5uUcv5ilsK+uEgEj+WeOdN5oz/Qj1/OZIzCdle90gDzj0xnGQrmZ9qDujwD7AkBb5k9A=="
    },
    "@essentials/raf": {
      "version": "1.2.0",
      "resolved": "https://registry.npmjs.org/@essentials/raf/-/raf-1.2.0.tgz",
      "integrity": "sha512-AWJvpprE2o7ATMb7HBYMVUVmPJBCt2wZp2rY7d+rAcNSMvzLbDepy9KFeqqrPZh+s9aIpbw1LgmuAW7kuRFgrQ=="
    },
    "@essentials/request-timeout": {
      "version": "1.3.0",
      "resolved": "https://registry.npmjs.org/@essentials/request-timeout/-/request-timeout-1.3.0.tgz",
      "integrity": "sha512-lKZPhKScNFnR1MBnk4+sxshk46fpvdN+Uh1LlKWFO5g1ocuz4EcknNIL7tm/rsCAs/+xMWiBTwbDUvm+pDNlXw==",
      "requires": {
        "@essentials/raf": "^1.2.0"
      }
    },
    "@react-hook/debounce": {
      "version": "3.0.0",
      "resolved": "https://registry.npmjs.org/@react-hook/debounce/-/debounce-3.0.0.tgz",
      "integrity": "sha512-ir/kPrSfAzY12Gre0sOHkZ2rkEmM4fS5M5zFxCi4BnCeXh2nvx9Ujd+U4IGpKCuPA+EQD0pg1eK2NGLvfWejag==",
      "requires": {
        "@react-hook/latest": "^1.0.2"
      }
    },
    "@react-hook/event": {
      "version": "1.2.6",
      "resolved": "https://registry.npmjs.org/@react-hook/event/-/event-1.2.6.tgz",
      "integrity": "sha512-JUL5IluaOdn5w5Afpe/puPa1rj8X6udMlQ9dt4hvMuKmTrBS1Ya6sb4sVgvfe2eU4yDuOfAhik8xhbcCekbg9Q==",
      "requires": {}
    },
    "@react-hook/latest": {
      "version": "1.0.3",
      "resolved": "https://registry.npmjs.org/@react-hook/latest/-/latest-1.0.3.tgz",
      "integrity": "sha512-dy6duzl+JnAZcDbNTfmaP3xHiKtbXYOaz3G51MGVljh548Y8MWzTr+PHLOfvpypEVW9zwvl+VyKjbWKEVbV1Rg==",
      "requires": {}
    },
    "@react-hook/passive-layout-effect": {
      "version": "1.2.1",
      "resolved": "https://registry.npmjs.org/@react-hook/passive-layout-effect/-/passive-layout-effect-1.2.1.tgz",
      "integrity": "sha512-IwEphTD75liO8g+6taS+4oqz+nnroocNfWVHWz7j+N+ZO2vYrc6PV1q7GQhuahL0IOR7JccFTsFKQ/mb6iZWAg==",
      "requires": {}
    },
    "@react-hook/throttle": {
      "version": "2.2.0",
      "resolved": "https://registry.npmjs.org/@react-hook/throttle/-/throttle-2.2.0.tgz",
      "integrity": "sha512-LJ5eg+yMV8lXtqK3lR+OtOZ2WH/EfWvuiEEu0M3bhR7dZRfTyEJKxH1oK9uyBxiXPtWXiQggWbZirMCXam51tg==",
      "requires": {
        "@react-hook/latest": "^1.0.2"
      }
    },
    "@react-hook/window-scroll": {
      "version": "1.3.0",
      "resolved": "https://registry.npmjs.org/@react-hook/window-scroll/-/window-scroll-1.3.0.tgz",
      "integrity": "sha512-LdYnCL22pFI+LTs85Fi2OQHSKWkzIuHFgv8lA+wwuaPxLOEhWR5bzJ21iygUH9X4meeLVRZKEbfpYi3OWWD4GQ==",
      "requires": {
        "@react-hook/event": "^1.2.1",
        "@react-hook/throttle": "^2.2.0"
      }
    },
    "@react-hook/window-size": {
      "version": "3.1.1",
      "resolved": "https://registry.npmjs.org/@react-hook/window-size/-/window-size-3.1.1.tgz",
      "integrity": "sha512-yWnVS5LKnOUIrEsI44oz3bIIUYqflamPL27n+k/PC//PsX/YeWBky09oPeAoc9As6jSH16Wgo8plI+ECZaHk3g==",
      "requires": {
        "@react-hook/debounce": "^3.0.0",
        "@react-hook/event": "^1.2.1",
        "@react-hook/throttle": "^2.2.0"
      }
    },
    "@remix-run/router": {
      "version": "1.18.0",
      "resolved": "https://registry.npmjs.org/@remix-run/router/-/router-1.18.0.tgz",
      "integrity": "sha512-L3jkqmqoSVBVKHfpGZmLrex0lxR5SucGA0sUfFzGctehw+S/ggL9L/0NnC5mw6P8HUWpFZ3nQw3cRApjjWx9Sw=="
    },
    "js-tokens": {
      "version": "4.0.0",
      "resolved": "https://registry.npmjs.org/js-tokens/-/js-tokens-4.0.0.tgz",
      "integrity": "sha512-RdJUflcE3cUzKiMqQgsCu06FPu9UdIJO0beYbPhHN4k6apgJtifcoCtT9bcxOpYBtpD2kCM6Sbzg4CausW/PKQ=="
    },
    "jwt-decode": {
      "version": "4.0.0",
      "resolved": "https://registry.npmjs.org/jwt-decode/-/jwt-decode-4.0.0.tgz",
      "integrity": "sha512-+KJGIyHgkGuIq3IEBNftfhW/LfWhXUIY6OmyVWjliu5KH1y0fw7VQ8YndE2O4qZdMSd9SqbnC8GOcZEy0Om7sA=="
    },
    "loose-envify": {
      "version": "1.4.0",
      "resolved": "https://registry.npmjs.org/loose-envify/-/loose-envify-1.4.0.tgz",
      "integrity": "sha512-lyuxPGr/Wfhrlem2CL/UcnUc1zcqKAImBDzukY7Y5F/yQiNdko6+fRLevlw1HgMySw7f611UIY408EtxRSoK3Q==",
      "requires": {
        "js-tokens": "^3.0.0 || ^4.0.0"
      }
    },
    "masonic": {
      "version": "4.0.1",
      "resolved": "https://registry.npmjs.org/masonic/-/masonic-4.0.1.tgz",
      "integrity": "sha512-gOj1B61NtrELoGigCy+E9SZpWSRGmAONMXrzYboBNbI0uvy7otinzGVGKDXLIZBYdNdcFySyON8qtu6IsFp6Sw==",
      "requires": {
        "@essentials/memoize-one": "^1.1.0",
        "@essentials/one-key-map": "^1.2.0",
        "@essentials/request-timeout": "^1.3.0",
        "@react-hook/event": "^1.2.6",
        "@react-hook/latest": "^1.0.3",
        "@react-hook/passive-layout-effect": "^1.2.1",
        "@react-hook/throttle": "^2.2.0",
        "@react-hook/window-scroll": "^1.3.0",
        "@react-hook/window-size": "^3.1.1",
        "raf-schd": "^4.0.3",
        "trie-memoize": "^1.2.0"
      }
    },
    "raf-schd": {
      "version": "4.0.3",
      "resolved": "https://registry.npmjs.org/raf-schd/-/raf-schd-4.0.3.tgz",
      "integrity": "sha512-tQkJl2GRWh83ui2DiPTJz9wEiMN20syf+5oKfB03yYP7ioZcJwsIK8FjrtLwH1m7C7e+Tt2yYBlrOpdT+dyeIQ=="
    },
    "react": {
      "version": "18.3.1",
      "resolved": "https://registry.npmjs.org/react/-/react-18.3.1.tgz",
      "integrity": "sha512-wS+hAgJShR0KhEvPJArfuPVN1+Hz1t0Y6n5jLrGQbkb4urgPE/0Rve+1kMB1v/oWgHgm4WIcV+i7F2pTVj+2iQ==",
      "requires": {
        "loose-envify": "^1.1.0"
      }
    },
    "react-dom": {
      "version": "18.3.1",
      "resolved": "https://registry.npmjs.org/react-dom/-/react-dom-18.3.1.tgz",
      "integrity": "sha512-5m4nQKp+rZRb09LNH59GM4BxTh9251/ylbKIbpe7TpGxfJ+9kv6BLkLBXIjjspbgbnIBNqlI23tRnTWT0snUIw==",
      "peer": true,
      "requires": {
        "loose-envify": "^1.1.0",
        "scheduler": "^0.23.2"
      }
    },
    "react-masonry": {
      "version": "1.0.7",
      "resolved": "https://registry.npmjs.org/react-masonry/-/react-masonry-1.0.7.tgz",
      "integrity": "sha512-cKhinTeygGtm+8y7YCTMKXNKtU0toJAcOBD4q7fv+JTc94bj93/xut3iZvjD60lZYek+WGM6en5w8P+63zHN9Q==",
      "requires": {
        "react": "^18.0.0"
      }
    },
    "react-router": {
      "version": "6.25.1",
      "resolved": "https://registry.npmjs.org/react-router/-/react-router-6.25.1.tgz",
      "integrity": "sha512-u8ELFr5Z6g02nUtpPAggP73Jigj1mRePSwhS/2nkTrlPU5yEkH1vYzWNyvSnSzeeE2DNqWdH+P8OhIh9wuXhTw==",
      "requires": {
        "@remix-run/router": "1.18.0"
      }
    },
    "react-router-dom": {
      "version": "6.25.1",
      "resolved": "https://registry.npmjs.org/react-router-dom/-/react-router-dom-6.25.1.tgz",
      "integrity": "sha512-0tUDpbFvk35iv+N89dWNrJp+afLgd+y4VtorJZuOCXK0kkCWjEvb3vTJM++SYvMEpbVwXKf3FjeVveVEb6JpDQ==",
      "requires": {
        "@remix-run/router": "1.18.0",
        "react-router": "6.25.1"
      }
    },
    "scheduler": {
      "version": "0.23.2",
      "resolved": "https://registry.npmjs.org/scheduler/-/scheduler-0.23.2.tgz",
      "integrity": "sha512-UOShsPwz7NrMUqhR6t0hWjFduvOzbtv7toDH1/hIrfRNIDBnnBWd0CwJTGvTpngVlmwGCdP9/Zl/tVrDqcuYzQ==",
      "peer": true,
      "requires": {
        "loose-envify": "^1.1.0"
      }
    },
    "trie-memoize": {
      "version": "1.2.0",
      "resolved": "https://registry.npmjs.org/trie-memoize/-/trie-memoize-1.2.0.tgz",
      "integrity": "sha512-hEDLVEP1FCgaRtt0oZDJdz2lK9uK7WlB7ASswt9U9cqruSNueVigtRGxI97hevKlViqhAcRgNgzuY/m8FCCMcg=="
    }
  }
}
